
Microsoft Visual Studio Solution File, Format Version 12.00
# Visual Studio Version 17
VisualStudioVersion = 17.13.35825.156 d17.13
MinimumVisualStudioVersion = 10.0.40219.1
Project("{FAE04EC0-301F-11D3-BF4B-00C04F79EFBC}") = "mf-apis-web-services-fuel-manager", "mf-apis-web-services-fuel-manager\mf-apis-web-services-fuel-manager.csproj", "{15028013-7BC3-42AA-89B7-9D96ABC83BAE}"
EndProject
Global
	GlobalSection(SolutionConfigurationPlatforms) = preSolution
		Debug|Any CPU = Debug|Any CPU
		Release|Any CPU = Release|Any CPU
	EndGlobalSection
	GlobalSection(ProjectConfigurationPlatforms) = postSolution
		{15028013-7BC3-42AA-89B7-9D96ABC83BAE}.Debug|Any CPU.ActiveCfg = Debug|Any CPU
		{15028013-7BC3-42AA-89B7-9D96ABC83BAE}.Debug|Any CPU.Build.0 = Debug|Any CPU
		{15028013-7BC3-42AA-89B7-9D96ABC83BAE}.Release|Any CPU.ActiveCfg = Release|Any CPU
		{15028013-7BC3-42AA-89B7-9D96ABC83BAE}.Release|Any CPU.Build.0 = Release|Any CPU
	EndGlobalSection
	GlobalSection(SolutionProperties) = preSolution
		HideSolutionNode = FALSE
	EndGlobalSection
	GlobalSection(ExtensibilityGlobals) = postSolution
		SolutionGuid = {476EA33A-7D18-450B-9A43-BEEA0B6D873D}
	EndGlobalSection
EndGlobal
